lockfileVersion: '9.0'

settings:
  autoInstallPeers: true
  excludeLinksFromLockfile: false

importers:
  .:
    devDependencies:
      '@types/node':
        specifier: 25.9.1
        version: 25.9.1
      esbuild:
        specifier: 0.28.0
        version: 0.28.0
      tsx:
        specifier: 4.22.4
        version: 4.22.4
      typescript:
        specifier: 6.0.3
        version: 6.0.3
      vitest:
        specifier: 4.1.8
        version: 4.1.8
